
Microsoft Visual Studio Solution File, Format Version 12.00
# Visual Studio Version 17
VisualStudioVersion = 17.6.33829.357
MinimumVisualStudioVersion = 10.0.40219.1
Project("{FAE04EC0-301F-11D3-BF4B-00C04F79EFBC}") = "SchoolDatabase1", "SchoolDatabase1\SchoolDatabase1.csproj", "{9819BD7E-75E5-4140-B7AF-1B7E51395618}"
EndProject
Global
	GlobalSection(SolutionConfigurationPlatforms) = preSolution
		Debug|Any CPU = Debug|Any CPU
		Release|Any CPU = Release|Any CPU
	EndGlobalSection
	GlobalSection(ProjectConfigurationPlatforms) = postSolution
		{9819BD7E-75E5-4140-B7AF-1B7E51395618}.Debug|Any CPU.ActiveCfg = Debug|Any CPU
		{9819BD7E-75E5-4140-B7AF-1B7E51395618}.Debug|Any CPU.Build.0 = Debug|Any CPU
		{9819BD7E-75E5-4140-B7AF-1B7E51395618}.Release|Any CPU.ActiveCfg = Release|Any CPU
		{9819BD7E-75E5-4140-B7AF-1B7E51395618}.Release|Any CPU.Build.0 = Release|Any CPU
	EndGlobalSection
	GlobalSection(SolutionProperties) = preSolution
		HideSolutionNode = FALSE
	EndGlobalSection
	GlobalSection(ExtensibilityGlobals) = postSolution
		SolutionGuid = {4E8416AD-0A43-44F5-8164-B8DBE97BE909}
	EndGlobalSection
EndGlobal
