
Microsoft Visual Studio Solution File, Format Version 12.00
# Visual Studio Version 17
VisualStudioVersion = 17.6.33829.357
MinimumVisualStudioVersion = 10.0.40219.1
Project("{FAE04EC0-301F-11D3-BF4B-00C04F79EFBC}") = "Swagger", "Swagger\Swagger.csproj", "{1AB24422-FB4A-4EE4-96AC-7DB241AC3E34}"
EndProject
Global
	GlobalSection(SolutionConfigurationPlatforms) = preSolution
		Debug|Any CPU = Debug|Any CPU
		Release|Any CPU = Release|Any CPU
	EndGlobalSection
	GlobalSection(ProjectConfigurationPlatforms) = postSolution
		{1AB24422-FB4A-4EE4-96AC-7DB241AC3E34}.Debug|Any CPU.ActiveCfg = Debug|Any CPU
		{1AB24422-FB4A-4EE4-96AC-7DB241AC3E34}.Debug|Any CPU.Build.0 = Debug|Any CPU
		{1AB24422-FB4A-4EE4-96AC-7DB241AC3E34}.Release|Any CPU.ActiveCfg = Release|Any CPU
		{1AB24422-FB4A-4EE4-96AC-7DB241AC3E34}.Release|Any CPU.Build.0 = Release|Any CPU
	EndGlobalSection
	GlobalSection(SolutionProperties) = preSolution
		HideSolutionNode = FALSE
	EndGlobalSection
	GlobalSection(ExtensibilityGlobals) = postSolution
		SolutionGuid = {5369F7C8-DF5F-4566-9FE6-83E7C43C6C9F}
	EndGlobalSection
EndGlobal
