
Microsoft Visual Studio Solution File, Format Version 12.00
# Visual Studio Version 17
VisualStudioVersion = 17.6.33829.357
MinimumVisualStudioVersion = 10.0.40219.1
Project("{FAE04EC0-301F-11D3-BF4B-00C04F79EFBC}") = "DatabaseFirstDemo", "DatabaseFirstDemo\DatabaseFirstDemo.csproj", "{79CC71C1-826B-4EAF-9ABC-D41B83F34912}"
EndProject
Global
	GlobalSection(SolutionConfigurationPlatforms) = preSolution
		Debug|Any CPU = Debug|Any CPU
		Release|Any CPU = Release|Any CPU
	EndGlobalSection
	GlobalSection(ProjectConfigurationPlatforms) = postSolution
		{79CC71C1-826B-4EAF-9ABC-D41B83F34912}.Debug|Any CPU.ActiveCfg = Debug|Any CPU
		{79CC71C1-826B-4EAF-9ABC-D41B83F34912}.Debug|Any CPU.Build.0 = Debug|Any CPU
		{79CC71C1-826B-4EAF-9ABC-D41B83F34912}.Release|Any CPU.ActiveCfg = Release|Any CPU
		{79CC71C1-826B-4EAF-9ABC-D41B83F34912}.Release|Any CPU.Build.0 = Release|Any CPU
	EndGlobalSection
	GlobalSection(SolutionProperties) = preSolution
		HideSolutionNode = FALSE
	EndGlobalSection
	GlobalSection(ExtensibilityGlobals) = postSolution
		SolutionGuid = {9AD2A876-E013-4785-B72C-E1D62FA39844}
	EndGlobalSection
EndGlobal
